
Microsoft Visual Studio Solution File, Format Version 12.00
# Visual Studio 15
VisualStudioVersion = 15.0.28010.2046
MinimumVisualStudioVersion = 10.0.40219.1
Project("{FAE04EC0-301F-11D3-BF4B-00C04F79EFBC}") = "MyGame", "MyGame\MyGame.csproj", "{1143D6F0-A06C-41E3-8A8B-82F25B0E885D}"
EndProject
Project("{FAE04EC0-301F-11D3-BF4B-00C04F79EFBC}") = "Linq_Example", "Linq_Example\Linq_Example.csproj", "{FD1A456E-F1E9-4339-87F0-EC3822DE70ED}"
EndProject
Project("{FAE04EC0-301F-11D3-BF4B-00C04F79EFBC}") = "Departments_and_Workers", "Departments_and_Workers\Departments_and_Workers.csproj", "{4461217D-05D2-4F8B-8538-B9C18710D54C}"
EndProject
Global
	GlobalSection(SolutionConfigurationPlatforms) = preSolution
		Debug|Any CPU = Debug|Any CPU
		Release|Any CPU = Release|Any CPU
	EndGlobalSection
	GlobalSection(ProjectConfigurationPlatforms) = postSolution
		{1143D6F0-A06C-41E3-8A8B-82F25B0E885D}.Debug|Any CPU.ActiveCfg = Debug|Any CPU
		{1143D6F0-A06C-41E3-8A8B-82F25B0E885D}.Debug|Any CPU.Build.0 = Debug|Any CPU
		{1143D6F0-A06C-41E3-8A8B-82F25B0E885D}.Release|Any CPU.ActiveCfg = Release|Any CPU
		{1143D6F0-A06C-41E3-8A8B-82F25B0E885D}.Release|Any CPU.Build.0 = Release|Any CPU
		{FD1A456E-F1E9-4339-87F0-EC3822DE70ED}.Debug|Any CPU.ActiveCfg = Debug|Any CPU
		{FD1A456E-F1E9-4339-87F0-EC3822DE70ED}.Debug|Any CPU.Build.0 = Debug|Any CPU
		{FD1A456E-F1E9-4339-87F0-EC3822DE70ED}.Release|Any CPU.ActiveCfg = Release|Any CPU
		{FD1A456E-F1E9-4339-87F0-EC3822DE70ED}.Release|Any CPU.Build.0 = Release|Any CPU
		{4461217D-05D2-4F8B-8538-B9C18710D54C}.Debug|Any CPU.ActiveCfg = Debug|Any CPU
		{4461217D-05D2-4F8B-8538-B9C18710D54C}.Debug|Any CPU.Build.0 = Debug|Any CPU
		{4461217D-05D2-4F8B-8538-B9C18710D54C}.Release|Any CPU.ActiveCfg = Release|Any CPU
		{4461217D-05D2-4F8B-8538-B9C18710D54C}.Release|Any CPU.Build.0 = Release|Any CPU
	EndGlobalSection
	GlobalSection(SolutionProperties) = preSolution
		HideSolutionNode = FALSE
	EndGlobalSection
	GlobalSection(ExtensibilityGlobals) = postSolution
		SolutionGuid = {CAB4533B-2BA6-49CA-ACBA-0A54013A595F}
	EndGlobalSection
EndGlobal
